
Microsoft Visual Studio Solution File, Format Version 12.00
# Visual Studio Version 16
VisualStudioVersion = 16.0.30413.136
MinimumVisualStudioVersion = 10.0.40219.1
Project("{FAE04EC0-301F-11D3-BF4B-00C04F79EFBC}") = "APIPets", "APIPets.csproj", "{B285E821-1EAB-4847-888E-4F51B56B4DAC}"
EndProject
Global
	GlobalSection(SolutionConfigurationPlatforms) = preSolution
		Debug|Any CPU = Debug|Any CPU
		Release|Any CPU = Release|Any CPU
	EndGlobalSection
	GlobalSection(ProjectConfigurationPlatforms) = postSolution
		{B285E821-1EAB-4847-888E-4F51B56B4DAC}.Debug|Any CPU.ActiveCfg = Debug|Any CPU
		{B285E821-1EAB-4847-888E-4F51B56B4DAC}.Debug|Any CPU.Build.0 = Debug|Any CPU
		{B285E821-1EAB-4847-888E-4F51B56B4DAC}.Release|Any CPU.ActiveCfg = Release|Any CPU
		{B285E821-1EAB-4847-888E-4F51B56B4DAC}.Release|Any CPU.Build.0 = Release|Any CPU
	EndGlobalSection
	GlobalSection(SolutionProperties) = preSolution
		HideSolutionNode = FALSE
	EndGlobalSection
	GlobalSection(ExtensibilityGlobals) = postSolution
		SolutionGuid = {D49A09A4-C0FB-4887-8181-0133C0CE15A4}
	EndGlobalSection
EndGlobal
